{
  "name": "svg2uwptiles",
  "version": "0.0.1",
  "lockfileVersion": 1,
  "dependencies": {
    "caw": {
      "version": "2.0.0",
      "resolved": "https://registry.npmjs.org/caw/-/caw-2.0.0.tgz",
      "integrity": "sha1-Efi93C+AFGmVLV4yJbqYSVovoP8="
    },
    "color": {
      "version": "1.0.3",
      "resolved": "https://registry.npmjs.org/color/-/color-1.0.3.tgz",
      "integrity": "sha1-5I6DLYXxTvaU+0aIEcLVz+cptV0="
    },
    "color-convert": {
      "version": "1.9.0",
      "resolved": "https://registry.npmjs.org/color-convert/-/color-convert-1.9.0.tgz",
      "integrity": "sha1-Gsz5fdc5uYO/mU1W/sj5WFNkG3o="
    },
    "color-name": {
      "version": "1.1.2",
      "resolved": "https://registry.npmjs.org/color-name/-/color-name-1.1.2.tgz",
      "integrity": "sha1-XIq3K2S9IhXWF66VWeuxSEdc+Y0="
    },
    "color-string": {
      "version": "1.5.2",
      "resolved": "https://registry.npmjs.org/color-string/-/color-string-1.5.2.tgz",
      "integrity": "sha1-JuRYFLw8mny9Z1FkikFDRRSnc6k="
    },
    "commander": {
      "version": "2.9.0",
      "resolved": "https://registry.npmjs.org/commander/-/commander-2.9.0.tgz",
      "integrity": "sha1-nJkJQXbhIkDLItbFFGCYQA/g99Q="
    },
    "decompress-response": {
      "version": "3.3.0",
      "resolved": "https://registry.npmjs.org/decompress-response/-/decompress-response-3.3.0.tgz",
      "integrity": "sha1-gKTdMjdIOEv6JICDYirt7Jgq3/M="
    },
    "deep-extend": {
      "version": "0.4.2",
      "resolved": "https://registry.npmjs.org/deep-extend/-/deep-extend-0.4.2.tgz",
      "integrity": "sha1-SLaZwn4zS/ifEIkr5DL25MfTSn8="
    },
    "diff": {
      "version": "3.2.0",
      "resolved": "https://registry.npmjs.org/diff/-/diff-3.2.0.tgz",
      "integrity": "sha1-yc45Okt8vQsFinJck98pkCeGj/k=",
      "dev": true
    },
    "duplexer3": {
      "version": "0.1.4",
      "resolved": "https://registry.npmjs.org/duplexer3/-/duplexer3-0.1.4.tgz",
      "integrity": "sha1-7gHdHKwO08vH/b6jfcCo8c4ALOI="
    },
    "formatio": {
      "version": "1.2.0",
      "resolved": "https://registry.npmjs.org/formatio/-/formatio-1.2.0.tgz",
      "integrity": "sha1-87IWfZBoxGmKjVH092CjmlTYGOs=",
      "dev": true
    },
    "get-proxy": {
      "version": "1.1.0",
      "resolved": "https://registry.npmjs.org/get-proxy/-/get-proxy-1.1.0.tgz",
      "integrity": "sha1-iUhUSRvFkbDxR9euVw9cZ4tyVus="
    },
    "get-stream": {
      "version": "3.0.0",
      "resolved": "https://registry.npmjs.org/get-stream/-/get-stream-3.0.0.tgz",
      "integrity": "sha1-jpQ9E1jcN1VQVOy+LtsFqhdO3hQ="
    },
    "got": {
      "version": "7.0.0",
      "resolved": "https://registry.npmjs.org/got/-/got-7.0.0.tgz",
      "integrity": "sha1-gtQ59nY82xyIIbejquJ4TIjDuNM="
    },
    "graceful-readlink": {
      "version": "1.0.1",
      "resolved": "https://registry.npmjs.org/graceful-readlink/-/graceful-readlink-1.0.1.tgz",
      "integrity": "sha1-TK+tdrxi8C+gObL5Tpo906ORpyU="
    },
    "ini": {
      "version": "1.3.4",
      "resolved": "https://registry.npmjs.org/ini/-/ini-1.3.4.tgz",
      "integrity": "sha1-BTfLedr1m1mhpRff9wbIbsA5Fi4="
    },
    "is-arrayish": {
      "version": "0.3.1",
      "resolved": "https://registry.npmjs.org/is-arrayish/-/is-arrayish-0.3.1.tgz",
      "integrity": "sha1-wt/DhquqDD4zxI2z/ocFnmkGXv0="
    },
    "is-object": {
      "version": "1.0.1",
      "resolved": "https://registry.npmjs.org/is-object/-/is-object-1.0.1.tgz",
      "integrity": "sha1-iVJojF7C/9awPsyF52ngKQMINHA="
    },
    "is-plain-obj": {
      "version": "1.1.0",
      "resolved": "https://registry.npmjs.org/is-plain-obj/-/is-plain-obj-1.1.0.tgz",
      "integrity": "sha1-caUMhCnfync8kqOQpKA7OfzVHT4="
    },
    "is-retry-allowed": {
      "version": "1.1.0",
      "resolved": "https://registry.npmjs.org/is-retry-allowed/-/is-retry-allowed-1.1.0.tgz",
      "integrity": "sha1-EaBgVotnM5REAz0BJaYaINVk+zQ="
    },
    "is-stream": {
      "version": "1.1.0",
      "resolved": "https://registry.npmjs.org/is-stream/-/is-stream-1.1.0.tgz",
      "integrity": "sha1-EtSj3U5o4Lec6428hBc66A2RykQ="
    },
    "isarray": {
      "version": "0.0.1",
      "resolved": "https://registry.npmjs.org/isarray/-/isarray-0.0.1.tgz",
      "integrity": "sha1-ihis/Kmo9Bd+Cav8YDiTmwXR7t8=",
      "dev": true
    },
    "isurl": {
      "version": "1.0.0-alpha5",
      "resolved": "https://registry.npmjs.org/isurl/-/isurl-1.0.0-alpha5.tgz",
      "integrity": "sha1-d/oSL/8fMb4ntvFXZh+IWCuhzTY="
    },
    "lolex": {
      "version": "1.6.0",
      "resolved": "https://registry.npmjs.org/lolex/-/lolex-1.6.0.tgz",
      "integrity": "sha1-OpoCg0UqR9dDnnJzG54H1zhuSfY=",
      "dev": true
    },
    "lowercase-keys": {
      "version": "1.0.0",
      "resolved": "https://registry.npmjs.org/lowercase-keys/-/lowercase-keys-1.0.0.tgz",
      "integrity": "sha1-TjNms55/VFfjXxMkvfb4jQv8cwY="
    },
    "mimic-response": {
      "version": "1.0.0",
      "resolved": "https://registry.npmjs.org/mimic-response/-/mimic-response-1.0.0.tgz",
      "integrity": "sha1-3z02Uqc/3ta5sLJBRub9BSNTRY4="
    },
    "minimist": {
      "version": "1.2.0",
      "resolved": "https://registry.npmjs.org/minimist/-/minimist-1.2.0.tgz",
      "integrity": "sha1-o1AIsg9BOD7sH7kU9M1d95omQoQ="
    },
    "minipass": {
      "version": "2.0.2",
      "resolved": "https://registry.npmjs.org/minipass/-/minipass-2.0.2.tgz",
      "integrity": "sha512-DtFmHGmqDzlw/iUypeGvwFSbP3n7R6S0wcJ1GiQkKxM1aQigmCUaQLOT2fGQGNwZCKdqxTtC2NN5FzEWFiz+KA=="
    },
    "minizlib": {
      "version": "1.0.3",
      "resolved": "https://registry.npmjs.org/minizlib/-/minizlib-1.0.3.tgz",
      "integrity": "sha1-1cGr93vhVGGZUuJTM27Mq5sqMvU="
    },
    "mkdirp": {
      "version": "0.5.1",
      "resolved": "https://registry.npmjs.org/mkdirp/-/mkdirp-0.5.1.tgz",
      "integrity": "sha1-MAV0OOrGz3+MR2fzhkjWaX11yQM=",
      "dependencies": {
        "minimist": {
          "version": "0.0.8",
          "resolved": "https://registry.npmjs.org/minimist/-/minimist-0.0.8.tgz",
          "integrity": "sha1-hX/Kv8M5fSYluCKCYuhqp6ARsF0="
        }
      }
    },
    "nan": {
      "version": "2.6.2",
      "resolved": "https://registry.npmjs.org/nan/-/nan-2.6.2.tgz",
      "integrity": "sha1-5P805slf37WuzAjeZZb0NgWn20U="
    },
    "native-promise-only": {
      "version": "0.8.1",
      "resolved": "https://registry.npmjs.org/native-promise-only/-/native-promise-only-0.8.1.tgz",
      "integrity": "sha1-IKMYwwy0X3H+et+/eyHJnBRy7xE=",
      "dev": true
    },
    "p-cancelable": {
      "version": "0.2.0",
      "resolved": "https://registry.npmjs.org/p-cancelable/-/p-cancelable-0.2.0.tgz",
      "integrity": "sha1-MVL08wvnYGtg6/6LuTs/32kIXkY="
    },
    "p-timeout": {
      "version": "1.1.1",
      "resolved": "https://registry.npmjs.org/p-timeout/-/p-timeout-1.1.1.tgz",
      "integrity": "sha1-0o6f35bjKIhvv/B4+IatFYxTv20="
    },
    "path-to-regexp": {
      "version": "1.7.0",
      "resolved": "https://registry.npmjs.org/path-to-regexp/-/path-to-regexp-1.7.0.tgz",
      "integrity": "sha1-Wf3g9DW62suhA6hOnTvGTpa5k30=",
      "dev": true
    },
    "pn": {
      "version": "1.0.0",
      "resolved": "https://registry.npmjs.org/pn/-/pn-1.0.0.tgz",
      "integrity": "sha1-HPWjCw2AbNGPiPxBprXUrWFbO6k="
    },
    "prepend-http": {
      "version": "1.0.4",
      "resolved": "https://registry.npmjs.org/prepend-http/-/prepend-http-1.0.4.tgz",
      "integrity": "sha1-1PRWKwzjaW5BrFLQ4ALlemNdxtw="
    },
    "rc": {
      "version": "1.2.1",
      "resolved": "https://registry.npmjs.org/rc/-/rc-1.2.1.tgz",
      "integrity": "sha1-LgPo5C7kULjLPc5lvhv4l04d/ZU="
    },
    "safe-buffer": {
      "version": "5.1.0",
      "resolved": "https://registry.npmjs.org/safe-buffer/-/safe-buffer-5.1.0.tgz",
      "integrity": "sha512-aSLEDudu6OoRr/2rU609gRmnYboRLxgDG1z9o2Q0os7236FwvcqIOO8r8U5JUEwivZOhDaKlFO4SbPTJYyBEyQ=="
    },
    "samsam": {
      "version": "1.2.1",
      "resolved": "https://registry.npmjs.org/samsam/-/samsam-1.2.1.tgz",
      "integrity": "sha1-7dOQk6MYQ3DLhZJDsr3yVefY6mc=",
      "dev": true
    },
    "semver": {
      "version": "5.3.0",
      "resolved": "https://registry.npmjs.org/semver/-/semver-5.3.0.tgz",
      "integrity": "sha1-myzl094C0XxgEq0yaqa00M9U+U8="
    },
    "sharp": {
      "version": "0.18.1",
      "resolved": "https://registry.npmjs.org/sharp/-/sharp-0.18.1.tgz",
      "integrity": "sha1-MueSJtThPp3VJdBK4k/TZy+1/t0="
    },
    "should": {
      "version": "8.4.0",
      "resolved": "https://registry.npmjs.org/should/-/should-8.4.0.tgz",
      "integrity": "sha1-XmCInT5kS73Tl6MM00+tKPz5C8A=",
      "dev": true
    },
    "should-equal": {
      "version": "0.8.0",
      "resolved": "https://registry.npmjs.org/should-equal/-/should-equal-0.8.0.tgz",
      "integrity": "sha1-o/BXMv9FusG3ukEvhAiFaBlkEpk=",
      "dev": true
    },
    "should-format": {
      "version": "0.3.2",
      "resolved": "https://registry.npmjs.org/should-format/-/should-format-0.3.2.tgz",
      "integrity": "sha1-pZgx4Bot3uFJkRvHFIvlyAMZ4f8=",
      "dev": true
    },
    "should-type": {
      "version": "0.2.0",
      "resolved": "https://registry.npmjs.org/should-type/-/should-type-0.2.0.tgz",
      "integrity": "sha1-ZwfvlVKdmJ3MCY/gdTqx+RNrt/Y=",
      "dev": true
    },
    "simple-swizzle": {
      "version": "0.2.2",
      "resolved": "https://registry.npmjs.org/simple-swizzle/-/simple-swizzle-0.2.2.tgz",
      "integrity": "sha1-pNprY1/8zMoz9w0Xy5JZLeleVXo="
    },
    "sinon": {
      "version": "2.3.2",
      "resolved": "https://registry.npmjs.org/sinon/-/sinon-2.3.2.tgz",
      "integrity": "sha1-xDqcVw8yuqwRWVBc/u0ZEIhV34k=",
      "dev": true
    },
    "strip-json-comments": {
      "version": "2.0.1",
      "resolved": "https://registry.npmjs.org/strip-json-comments/-/strip-json-comments-2.0.1.tgz",
      "integrity": "sha1-PFMZQukIwml8DsNEhYwobHygpgo="
    },
    "tar": {
      "version": "3.1.5",
      "resolved": "https://registry.npmjs.org/tar/-/tar-3.1.5.tgz",
      "integrity": "sha512-TKJKz1fqBOZBaIQ/MGRKU0EnTGmKMLy4ReTRgP10AgtfOWBbj9PBg4MgY80GFpqGbs2EzcIctW5gbwbP4woDYg=="
    },
    "text-encoding": {
      "version": "0.6.4",
      "resolved": "https://registry.npmjs.org/text-encoding/-/text-encoding-0.6.4.tgz",
      "integrity": "sha1-45mpgiV6J22uQou5KEXLcb3CbRk=",
      "dev": true
    },
    "timed-out": {
      "version": "4.0.1",
      "resolved": "https://registry.npmjs.org/timed-out/-/timed-out-4.0.1.tgz",
      "integrity": "sha1-8y6srFoXW+ol1/q1Zas+2HQe9W8="
    },
    "tunnel-agent": {
      "version": "0.4.3",
      "resolved": "https://registry.npmjs.org/tunnel-agent/-/tunnel-agent-0.4.3.tgz",
      "integrity": "sha1-Y3PbdpCf5XDgjXNYM2Xtgop07us="
    },
    "type-detect": {
      "version": "4.0.3",
      "resolved": "https://registry.npmjs.org/type-detect/-/type-detect-4.0.3.tgz",
      "integrity": "sha1-Dj8mcLRAmbC0bChNE2p+9Jx0wuo=",
      "dev": true
    },
    "url-parse-lax": {
      "version": "1.0.0",
      "resolved": "https://registry.npmjs.org/url-parse-lax/-/url-parse-lax-1.0.0.tgz",
      "integrity": "sha1-evjzA2Rem9eaJy56FKxovAYJ2nM="
    },
    "yallist": {
      "version": "3.0.2",
      "resolved": "https://registry.npmjs.org/yallist/-/yallist-3.0.2.tgz",
      "integrity": "sha1-hFK0u36Dx8GI2AQcGoN8dz1ti7k="
    }
  }
}
